Microsoft Visual Studio Solution File, Format Version 12.00
# Visual Studio 16
Project("{8BC9CEB8-8B4A-11D0-8D11-00A0C91BC942}") = "ALL_BUILD", "ALL_BUILD.vcxproj", "{B603A4A8-6E25-301D-A9F1-0A8D21953189}"
	ProjectSection(ProjectDependencies) = postProject
		{0EB54D4D-CB68-33B8-973C-FF59122A7909} = {0EB54D4D-CB68-33B8-973C-FF59122A7909}
		{43451B68-FD3F-3ADB-8142-A92B18B8264A} = {43451B68-FD3F-3ADB-8142-A92B18B8264A}
		{EF842157-7FAB-36B4-8B3A-5E22505086B1} = {EF842157-7FAB-36B4-8B3A-5E22505086B1}
		{00C813C8-997A-30E1-A11A-1CDF6C421573} = {00C813C8-997A-30E1-A11A-1CDF6C421573}
		{0BDB30B1-C3A0-3132-8DA1-88F353890544} = {0BDB30B1-C3A0-3132-8DA1-88F353890544}
		{43885775-C418-37CB-8522-930210B76FA2} = {43885775-C418-37CB-8522-930210B76FA2}
		{31C22D5A-CB9A-3F8F-AB09-846A1AFE7E16} = {31C22D5A-CB9A-3F8F-AB09-846A1AFE7E16}
		{3AE51FAF-7FB5-3FCF-B97D-B07C5280C289} = {3AE51FAF-7FB5-3FCF-B97D-B07C5280C289}
		{F50E265D-E0AD-3522-8EE8-86A76CAEA8C3} = {F50E265D-E0AD-3522-8EE8-86A76CAEA8C3}
		{A5368E8B-199B-3A47-94A9-ECC94A706E55} = {A5368E8B-199B-3A47-94A9-ECC94A706E55}
	EndProjectSection
EndProject
Project("{8BC9CEB8-8B4A-11D0-8D11-00A0C91BC942}") = "INSTALL", "INSTALL.vcxproj", "{C3AC69D8-6200-3C49-AD30-1FCB5024F364}"
	ProjectSection(ProjectDependencies) = postProject
		{B603A4A8-6E25-301D-A9F1-0A8D21953189} = {B603A4A8-6E25-301D-A9F1-0A8D21953189}
		{0EB54D4D-CB68-33B8-973C-FF59122A7909} = {0EB54D4D-CB68-33B8-973C-FF59122A7909}
	EndProjectSection
EndProject
Project("{8BC9CEB8-8B4A-11D0-8D11-00A0C91BC942}") = "ZERO_CHECK", "ZERO_CHECK.vcxproj", "{0EB54D4D-CB68-33B8-973C-FF59122A7909}"
	ProjectSection(ProjectDependencies) = postProject
	EndProjectSection
EndProject
Project("{8BC9CEB8-8B4A-11D0-8D11-00A0C91BC942}") = "example1", "examples\example1.vcxproj", "{43451B68-FD3F-3ADB-8142-A92B18B8264A}"
	ProjectSection(ProjectDependencies) = postProject
		{0EB54D4D-CB68-33B8-973C-FF59122A7909} = {0EB54D4D-CB68-33B8-973C-FF59122A7909}
		{A5368E8B-199B-3A47-94A9-ECC94A706E55} = {A5368E8B-199B-3A47-94A9-ECC94A706E55}
	EndProjectSection
EndProject
Project("{8BC9CEB8-8B4A-11D0-8D11-00A0C91BC942}") = "example2", "examples\example2.vcxproj", "{EF842157-7FAB-36B4-8B3A-5E22505086B1}"
	ProjectSection(ProjectDependencies) = postProject
		{0EB54D4D-CB68-33B8-973C-FF59122A7909} = {0EB54D4D-CB68-33B8-973C-FF59122A7909}
		{A5368E8B-199B-3A47-94A9-ECC94A706E55} = {A5368E8B-199B-3A47-94A9-ECC94A706E55}
	EndProjectSection
EndProject
Project("{8BC9CEB8-8B4A-11D0-8D11-00A0C91BC942}") = "example3", "examples\example3.vcxproj", "{00C813C8-997A-30E1-A11A-1CDF6C421573}"
	ProjectSection(ProjectDependencies) = postProject
		{0EB54D4D-CB68-33B8-973C-FF59122A7909} = {0EB54D4D-CB68-33B8-973C-FF59122A7909}
		{A5368E8B-199B-3A47-94A9-ECC94A706E55} = {A5368E8B-199B-3A47-94A9-ECC94A706E55}
	EndProjectSection
EndProject
Project("{8BC9CEB8-8B4A-11D0-8D11-00A0C91BC942}") = "example4", "examples\example4.vcxproj", "{0BDB30B1-C3A0-3132-8DA1-88F353890544}"
	ProjectSection(ProjectDependencies) = postProject
		{0EB54D4D-CB68-33B8-973C-FF59122A7909} = {0EB54D4D-CB68-33B8-973C-FF59122A7909}
		{A5368E8B-199B-3A47-94A9-ECC94A706E55} = {A5368E8B-199B-3A47-94A9-ECC94A706E55}
	EndProjectSection
EndProject
Project("{8BC9CEB8-8B4A-11D0-8D11-00A0C91BC942}") = "example5", "examples\example5.vcxproj", "{43885775-C418-37CB-8522-930210B76FA2}"
	ProjectSection(ProjectDependencies) = postProject
		{0EB54D4D-CB68-33B8-973C-FF59122A7909} = {0EB54D4D-CB68-33B8-973C-FF59122A7909}
		{A5368E8B-199B-3A47-94A9-ECC94A706E55} = {A5368E8B-199B-3A47-94A9-ECC94A706E55}
	EndProjectSection
EndProject
Project("{8BC9CEB8-8B4A-11D0-8D11-00A0C91BC942}") = "example6", "examples\example6.vcxproj", "{31C22D5A-CB9A-3F8F-AB09-846A1AFE7E16}"
	ProjectSection(ProjectDependencies) = postProject
		{0EB54D4D-CB68-33B8-973C-FF59122A7909} = {0EB54D4D-CB68-33B8-973C-FF59122A7909}
		{A5368E8B-199B-3A47-94A9-ECC94A706E55} = {A5368E8B-199B-3A47-94A9-ECC94A706E55}
	EndProjectSection
EndProject
Project("{8BC9CEB8-8B4A-11D0-8D11-00A0C91BC942}") = "example7", "examples\example7.vcxproj", "{3AE51FAF-7FB5-3FCF-B97D-B07C5280C289}"
	ProjectSection(ProjectDependencies) = postProject
		{0EB54D4D-CB68-33B8-973C-FF59122A7909} = {0EB54D4D-CB68-33B8-973C-FF59122A7909}
		{A5368E8B-199B-3A47-94A9-ECC94A706E55} = {A5368E8B-199B-3A47-94A9-ECC94A706E55}
	EndProjectSection
EndProject
Project("{8BC9CEB8-8B4A-11D0-8D11-00A0C91BC942}") = "example8", "examples\example8.vcxproj", "{F50E265D-E0AD-3522-8EE8-86A76CAEA8C3}"
	ProjectSection(ProjectDependencies) = postProject
		{0EB54D4D-CB68-33B8-973C-FF59122A7909} = {0EB54D4D-CB68-33B8-973C-FF59122A7909}
		{A5368E8B-199B-3A47-94A9-ECC94A706E55} = {A5368E8B-199B-3A47-94A9-ECC94A706E55}
	EndProjectSection
EndProject
Project("{8BC9CEB8-8B4A-11D0-8D11-00A0C91BC942}") = "jrtplib-static", "src\jrtplib-static.vcxproj", "{A5368E8B-199B-3A47-94A9-ECC94A706E55}"
	ProjectSection(ProjectDependencies) = postProject
		{0EB54D4D-CB68-33B8-973C-FF59122A7909} = {0EB54D4D-CB68-33B8-973C-FF59122A7909}
	EndProjectSection
EndProject
Global
	GlobalSection(SolutionConfigurationPlatforms) = preSolution
		Debug|Win32 = Debug|Win32
		Release|Win32 = Release|Win32
		MinSizeRel|Win32 = MinSizeRel|Win32
		RelWithDebInfo|Win32 = RelWithDebInfo|Win32
	EndGlobalSection
	GlobalSection(ProjectConfigurationPlatforms) = postSolution
		{B603A4A8-6E25-301D-A9F1-0A8D21953189}.Debug|Win32.ActiveCfg = Debug|Win32
		{B603A4A8-6E25-301D-A9F1-0A8D21953189}.Debug|Win32.Build.0 = Debug|Win32
		{B603A4A8-6E25-301D-A9F1-0A8D21953189}.Release|Win32.ActiveCfg = Release|Win32
		{B603A4A8-6E25-301D-A9F1-0A8D21953189}.Release|Win32.Build.0 = Release|Win32
		{B603A4A8-6E25-301D-A9F1-0A8D21953189}.MinSizeRel|Win32.ActiveCfg = MinSizeRel|Win32
		{B603A4A8-6E25-301D-A9F1-0A8D21953189}.MinSizeRel|Win32.Build.0 = MinSizeRel|Win32
		{B603A4A8-6E25-301D-A9F1-0A8D21953189}.RelWithDebInfo|Win32.ActiveCfg = RelWithDebInfo|Win32
		{B603A4A8-6E25-301D-A9F1-0A8D21953189}.RelWithDebInfo|Win32.Build.0 = RelWithDebInfo|Win32
		{C3AC69D8-6200-3C49-AD30-1FCB5024F364}.Debug|Win32.ActiveCfg = Debug|Win32
		{C3AC69D8-6200-3C49-AD30-1FCB5024F364}.Release|Win32.ActiveCfg = Release|Win32
		{C3AC69D8-6200-3C49-AD30-1FCB5024F364}.MinSizeRel|Win32.ActiveCfg = MinSizeRel|Win32
		{C3AC69D8-6200-3C49-AD30-1FCB5024F364}.RelWithDebInfo|Win32.ActiveCfg = RelWithDebInfo|Win32
		{0EB54D4D-CB68-33B8-973C-FF59122A7909}.Debug|Win32.ActiveCfg = Debug|Win32
		{0EB54D4D-CB68-33B8-973C-FF59122A7909}.Debug|Win32.Build.0 = Debug|Win32
		{0EB54D4D-CB68-33B8-973C-FF59122A7909}.Release|Win32.ActiveCfg = Release|Win32
		{0EB54D4D-CB68-33B8-973C-FF59122A7909}.Release|Win32.Build.0 = Release|Win32
		{0EB54D4D-CB68-33B8-973C-FF59122A7909}.MinSizeRel|Win32.ActiveCfg = MinSizeRel|Win32
		{0EB54D4D-CB68-33B8-973C-FF59122A7909}.MinSizeRel|Win32.Build.0 = MinSizeRel|Win32
		{0EB54D4D-CB68-33B8-973C-FF59122A7909}.RelWithDebInfo|Win32.ActiveCfg = RelWithDebInfo|Win32
		{0EB54D4D-CB68-33B8-973C-FF59122A7909}.RelWithDebInfo|Win32.Build.0 = RelWithDebInfo|Win32
		{43451B68-FD3F-3ADB-8142-A92B18B8264A}.Debug|Win32.ActiveCfg = Debug|Win32
		{43451B68-FD3F-3ADB-8142-A92B18B8264A}.Debug|Win32.Build.0 = Debug|Win32
		{43451B68-FD3F-3ADB-8142-A92B18B8264A}.Release|Win32.ActiveCfg = Release|Win32
		{43451B68-FD3F-3ADB-8142-A92B18B8264A}.Release|Win32.Build.0 = Release|Win32
		{43451B68-FD3F-3ADB-8142-A92B18B8264A}.MinSizeRel|Win32.ActiveCfg = MinSizeRel|Win32
		{43451B68-FD3F-3ADB-8142-A92B18B8264A}.MinSizeRel|Win32.Build.0 = MinSizeRel|Win32
		{43451B68-FD3F-3ADB-8142-A92B18B8264A}.RelWithDebInfo|Win32.ActiveCfg = RelWithDebInfo|Win32
		{43451B68-FD3F-3ADB-8142-A92B18B8264A}.RelWithDebInfo|Win32.Build.0 = RelWithDebInfo|Win32
		{EF842157-7FAB-36B4-8B3A-5E22505086B1}.Debug|Win32.ActiveCfg = Debug|Win32
		{EF842157-7FAB-36B4-8B3A-5E22505086B1}.Debug|Win32.Build.0 = Debug|Win32
		{EF842157-7FAB-36B4-8B3A-5E22505086B1}.Release|Win32.ActiveCfg = Release|Win32
		{EF842157-7FAB-36B4-8B3A-5E22505086B1}.Release|Win32.Build.0 = Release|Win32
		{EF842157-7FAB-36B4-8B3A-5E22505086B1}.MinSizeRel|Win32.ActiveCfg = MinSizeRel|Win32
		{EF842157-7FAB-36B4-8B3A-5E22505086B1}.MinSizeRel|Win32.Build.0 = MinSizeRel|Win32
		{EF842157-7FAB-36B4-8B3A-5E22505086B1}.RelWithDebInfo|Win32.ActiveCfg = RelWithDebInfo|Win32
		{EF842157-7FAB-36B4-8B3A-5E22505086B1}.RelWithDebInfo|Win32.Build.0 = RelWithDebInfo|Win32
		{00C813C8-997A-30E1-A11A-1CDF6C421573}.Debug|Win32.ActiveCfg = Debug|Win32
		{00C813C8-997A-30E1-A11A-1CDF6C421573}.Debug|Win32.Build.0 = Debug|Win32
		{00C813C8-997A-30E1-A11A-1CDF6C421573}.Release|Win32.ActiveCfg = Release|Win32
		{00C813C8-997A-30E1-A11A-1CDF6C421573}.Release|Win32.Build.0 = Release|Win32
		{00C813C8-997A-30E1-A11A-1CDF6C421573}.MinSizeRel|Win32.ActiveCfg = MinSizeRel|Win32
		{00C813C8-997A-30E1-A11A-1CDF6C421573}.MinSizeRel|Win32.Build.0 = MinSizeRel|Win32
		{00C813C8-997A-30E1-A11A-1CDF6C421573}.RelWithDebInfo|Win32.ActiveCfg = RelWithDebInfo|Win32
		{00C813C8-997A-30E1-A11A-1CDF6C421573}.RelWithDebInfo|Win32.Build.0 = RelWithDebInfo|Win32
		{0BDB30B1-C3A0-3132-8DA1-88F353890544}.Debug|Win32.ActiveCfg = Debug|Win32
		{0BDB30B1-C3A0-3132-8DA1-88F353890544}.Debug|Win32.Build.0 = Debug|Win32
		{0BDB30B1-C3A0-3132-8DA1-88F353890544}.Release|Win32.ActiveCfg = Release|Win32
		{0BDB30B1-C3A0-3132-8DA1-88F353890544}.Release|Win32.Build.0 = Release|Win32
		{0BDB30B1-C3A0-3132-8DA1-88F353890544}.MinSizeRel|Win32.ActiveCfg = MinSizeRel|Win32
		{0BDB30B1-C3A0-3132-8DA1-88F353890544}.MinSizeRel|Win32.Build.0 = MinSizeRel|Win32
		{0BDB30B1-C3A0-3132-8DA1-88F353890544}.RelWithDebInfo|Win32.ActiveCfg = RelWithDebInfo|Win32
		{0BDB30B1-C3A0-3132-8DA1-88F353890544}.RelWithDebInfo|Win32.Build.0 = RelWithDebInfo|Win32
		{43885775-C418-37CB-8522-930210B76FA2}.Debug|Win32.ActiveCfg = Debug|Win32
		{43885775-C418-37CB-8522-930210B76FA2}.Debug|Win32.Build.0 = Debug|Win32
		{43885775-C418-37CB-8522-930210B76FA2}.Release|Win32.ActiveCfg = Release|Win32
		{43885775-C418-37CB-8522-930210B76FA2}.Release|Win32.Build.0 = Release|Win32
		{43885775-C418-37CB-8522-930210B76FA2}.MinSizeRel|Win32.ActiveCfg = MinSizeRel|Win32
		{43885775-C418-37CB-8522-930210B76FA2}.MinSizeRel|Win32.Build.0 = MinSizeRel|Win32
		{43885775-C418-37CB-8522-930210B76FA2}.RelWithDebInfo|Win32.ActiveCfg = RelWithDebInfo|Win32
		{43885775-C418-37CB-8522-930210B76FA2}.RelWithDebInfo|Win32.Build.0 = RelWithDebInfo|Win32
		{31C22D5A-CB9A-3F8F-AB09-846A1AFE7E16}.Debug|Win32.ActiveCfg = Debug|Win32
		{31C22D5A-CB9A-3F8F-AB09-846A1AFE7E16}.Debug|Win32.Build.0 = Debug|Win32
		{31C22D5A-CB9A-3F8F-AB09-846A1AFE7E16}.Release|Win32.ActiveCfg = Release|Win32
		{31C22D5A-CB9A-3F8F-AB09-846A1AFE7E16}.Release|Win32.Build.0 = Release|Win32
		{31C22D5A-CB9A-3F8F-AB09-846A1AFE7E16}.MinSizeRel|Win32.ActiveCfg = MinSizeRel|Win32
		{31C22D5A-CB9A-3F8F-AB09-846A1AFE7E16}.MinSizeRel|Win32.Build.0 = MinSizeRel|Win32
		{31C22D5A-CB9A-3F8F-AB09-846A1AFE7E16}.RelWithDebInfo|Win32.ActiveCfg = RelWithDebInfo|Win32
		{31C22D5A-CB9A-3F8F-AB09-846A1AFE7E16}.RelWithDebInfo|Win32.Build.0 = RelWithDebInfo|Win32
		{3AE51FAF-7FB5-3FCF-B97D-B07C5280C289}.Debug|Win32.ActiveCfg = Debug|Win32
		{3AE51FAF-7FB5-3FCF-B97D-B07C5280C289}.Debug|Win32.Build.0 = Debug|Win32
		{3AE51FAF-7FB5-3FCF-B97D-B07C5280C289}.Release|Win32.ActiveCfg = Release|Win32
		{3AE51FAF-7FB5-3FCF-B97D-B07C5280C289}.Release|Win32.Build.0 = Release|Win32
		{3AE51FAF-7FB5-3FCF-B97D-B07C5280C289}.MinSizeRel|Win32.ActiveCfg = MinSizeRel|Win32
		{3AE51FAF-7FB5-3FCF-B97D-B07C5280C289}.MinSizeRel|Win32.Build.0 = MinSizeRel|Win32
		{3AE51FAF-7FB5-3FCF-B97D-B07C5280C289}.RelWithDebInfo|Win32.ActiveCfg = RelWithDebInfo|Win32
		{3AE51FAF-7FB5-3FCF-B97D-B07C5280C289}.RelWithDebInfo|Win32.Build.0 = RelWithDebInfo|Win32
		{F50E265D-E0AD-3522-8EE8-86A76CAEA8C3}.Debug|Win32.ActiveCfg = Debug|Win32
		{F50E265D-E0AD-3522-8EE8-86A76CAEA8C3}.Debug|Win32.Build.0 = Debug|Win32
		{F50E265D-E0AD-3522-8EE8-86A76CAEA8C3}.Release|Win32.ActiveCfg = Release|Win32
		{F50E265D-E0AD-3522-8EE8-86A76CAEA8C3}.Release|Win32.Build.0 = Release|Win32
		{F50E265D-E0AD-3522-8EE8-86A76CAEA8C3}.MinSizeRel|Win32.ActiveCfg = MinSizeRel|Win32
		{F50E265D-E0AD-3522-8EE8-86A76CAEA8C3}.MinSizeRel|Win32.Build.0 = MinSizeRel|Win32
		{F50E265D-E0AD-3522-8EE8-86A76CAEA8C3}.RelWithDebInfo|Win32.ActiveCfg = RelWithDebInfo|Win32
		{F50E265D-E0AD-3522-8EE8-86A76CAEA8C3}.RelWithDebInfo|Win32.Build.0 = RelWithDebInfo|Win32
		{A5368E8B-199B-3A47-94A9-ECC94A706E55}.Debug|Win32.ActiveCfg = Debug|Win32
		{A5368E8B-199B-3A47-94A9-ECC94A706E55}.Debug|Win32.Build.0 = Debug|Win32
		{A5368E8B-199B-3A47-94A9-ECC94A706E55}.Release|Win32.ActiveCfg = Release|Win32
		{A5368E8B-199B-3A47-94A9-ECC94A706E55}.Release|Win32.Build.0 = Release|Win32
		{A5368E8B-199B-3A47-94A9-ECC94A706E55}.MinSizeRel|Win32.ActiveCfg = MinSizeRel|Win32
		{A5368E8B-199B-3A47-94A9-ECC94A706E55}.MinSizeRel|Win32.Build.0 = MinSizeRel|Win32
		{A5368E8B-199B-3A47-94A9-ECC94A706E55}.RelWithDebInfo|Win32.ActiveCfg = RelWithDebInfo|Win32
		{A5368E8B-199B-3A47-94A9-ECC94A706E55}.RelWithDebInfo|Win32.Build.0 = RelWithDebInfo|Win32
	EndGlobalSection
	GlobalSection(ExtensibilityGlobals) = postSolution
		SolutionGuid = {17195312-F765-3717-98FF-AF681BAF9ECB}
	EndGlobalSection
	GlobalSection(ExtensibilityAddIns) = postSolution
	EndGlobalSection
EndGlobal
